
Microsoft Visual Studio Solution File, Format Version 11.00
# Visual Studio 2010
Project("{FAE04EC0-301F-11D3-BF4B-00C04F79EFBC}") = "phantom", "phantom.csproj", "{989E0A90-36BF-4E30-B855-5E4F76502A7C}"
EndProject
Global
	GlobalSection(SolutionConfigurationPlatforms) = preSolution
		Debug|x86 = Debug|x86
		Release|x86 = Release|x86
	EndGlobalSection
	GlobalSection(ProjectConfigurationPlatforms) = postSolution
		{989E0A90-36BF-4E30-B855-5E4F76502A7C}.Debug|x86.ActiveCfg = Debug|x86
		{989E0A90-36BF-4E30-B855-5E4F76502A7C}.Debug|x86.Build.0 = Debug|x86
		{989E0A90-36BF-4E30-B855-5E4F76502A7C}.Release|x86.ActiveCfg = Release|x86
		{989E0A90-36BF-4E30-B855-5E4F76502A7C}.Release|x86.Build.0 = Release|x86
	EndGlobalSection
	GlobalSection(MonoDevelopProperties) = preSolution
		StartupItem = phantom.csproj
	EndGlobalSection
EndGlobal
